// !$*UTF8*$!
{
	archiveVersion = 1;
	classes = {
	};
	objectVersion = 56;
	objects = {

/* Begin PBXBuildFile section */
		481184F82BE9C73400465C09 /* ViperNotesSwiftUI.xcdatamodeld in Sources */ = {isa = PBXBuildFile; fileRef = 481184F62BE9C73400465C09 /* ViperNotesSwiftUI.xcdatamodeld */; };
		481185002BE9D35800465C09 /* Note+CoreDataClass.swift in Sources */ = {isa = PBXBuildFile; fileRef = 481184FE2BE9D35800465C09 /* Note+CoreDataClass.swift */; };
		481185012BE9D35800465C09 /* Note+CoreDataProperties.swift in Sources */ = {isa = PBXBuildFile; fileRef = 481184FF2BE9D35800465C09 /* Note+CoreDataProperties.swift */; };
		481185032BE9D38700465C09 /* CoreDataStack.swift in Sources */ = {isa = PBXBuildFile; fileRef = 481185022BE9D38700465C09 /* CoreDataStack.swift */; };
		481185052BE9D8DE00465C09 /* DataLayer.swift in Sources */ = {isa = PBXBuildFile; fileRef = 481185042BE9D8DE00465C09 /* DataLayer.swift */; };
		481185072BE9DB1C00465C09 /* NoteViewModel.swift in Sources */ = {isa = PBXBuildFile; fileRef = 481185062BE9DB1C00465C09 /* NoteViewModel.swift */; };
		4811850C2BE9DB7A00465C09 /* NotesInteractor.swift in Sources */ = {isa = PBXBuildFile; fileRef = 4811850B2BE9DB7A00465C09 /* NotesInteractor.swift */; };
		48B9188B2BEAEE4300238ECB /* NotesPresenter.swift in Sources */ = {isa = PBXBuildFile; fileRef = 48B9188A2BEAEE4300238ECB /* NotesPresenter.swift */; };
		48B9188D2BEAF03600238ECB /* NotesListView.swift in Sources */ = {isa = PBXBuildFile; fileRef = 48B9188C2BEAF03600238ECB /* NotesListView.swift */; };
		48B9188F2BEAF32A00238ECB /* NotesDetailView.swift in Sources */ = {isa = PBXBuildFile; fileRef = 48B9188E2BEAF32A00238ECB /* NotesDetailView.swift */; };
		48B918912BEAF3AF00238ECB /* NotesRouter.swift in Sources */ = {isa = PBXBuildFile; fileRef = 48B918902BEAF3AF00238ECB /* NotesRouter.swift */; };
		48B918932BEAF50000238ECB /* SceneDelegate.swift in Sources */ = {isa = PBXBuildFile; fileRef = 48B918922BEAF50000238ECB /* SceneDelegate.swift */; };
		48B918952BEAF62A00238ECB /* AppDelegate.swift in Sources */ = {isa = PBXBuildFile; fileRef = 48B918942BEAF62A00238ECB /* AppDelegate.swift */; };
/* End PBXBuildFile section */

/* Begin PBXFileReference section */
		481184E82BE9C73000465C09 /* ViperNotesSwiftUI.app */ = {isa = PBXFileReference; explicitFileType = wrapper.application; includeInIndex = 0; path = ViperNotesSwiftUI.app; sourceTree = BUILT_PRODUCTS_DIR; };
		481184EF2BE9C73400465C09 /* Assets.xcassets */ = {isa = PBXFileReference; lastKnownFileType = folder.assetcatalog; path = Assets.xcassets; sourceTree = "<group>"; };
		481184F22BE9C73400465C09 /* Preview Assets.xcassets */ = {isa = PBXFileReference; lastKnownFileType = folder.assetcatalog; path = "Preview Assets.xcassets"; sourceTree = "<group>"; };
		481184F72BE9C73400465C09 /* ViperNotesSwiftUI.xcdatamodel */ = {isa = PBXFileReference; lastKnownFileType = wrapper.xcdatamodel; path = ViperNotesSwiftUI.xcdatamodel; sourceTree = "<group>"; };
		481184FE2BE9D35800465C09 /* Note+CoreDataClass.swift */ = {isa = PBXFileReference; lastKnownFileType = sourcecode.swift; path = "Note+CoreDataClass.swift"; sourceTree = "<group>"; };
		481184FF2BE9D35800465C09 /* Note+CoreDataProperties.swift */ = {isa = PBXFileReference; lastKnownFileType = sourcecode.swift; path = "Note+CoreDataProperties.swift"; sourceTree = "<group>"; };
		481185022BE9D38700465C09 /* CoreDataStack.swift */ = {isa = PBXFileReference; lastKnownFileType = sourcecode.swift; path = CoreDataStack.swift; sourceTree = "<group>"; };
		481185042BE9D8DE00465C09 /* DataLayer.swift */ = {isa = PBXFileReference; lastKnownFileType = sourcecode.swift; path = DataLayer.swift; sourceTree = "<group>"; };
		481185062BE9DB1C00465C09 /* NoteViewModel.swift */ = {isa = PBXFileReference; lastKnownFileType = sourcecode.swift; path = NoteViewModel.swift; sourceTree = "<group>"; };
		4811850B2BE9DB7A00465C09 /* NotesInteractor.swift */ = {isa = PBXFileReference; lastKnownFileType = sourcecode.swift; path = NotesInteractor.swift; sourceTree = "<group>"; };
		486BF5512BEB0937008BDCAE /* Info.plist */ = {isa = PBXFileReference; lastKnownFileType = text.plist.xml; path = Info.plist; sourceTree = "<group>"; };
		48B9188A2BEAEE4300238ECB /* NotesPresenter.swift */ = {isa = PBXFileReference; lastKnownFileType = sourcecode.swift; path = NotesPresenter.swift; sourceTree = "<group>"; };
		48B9188C2BEAF03600238ECB /* NotesListView.swift */ = {isa = PBXFileReference; lastKnownFileType = sourcecode.swift; path = NotesListView.swift; sourceTree = "<group>"; };
		48B9188E2BEAF32A00238ECB /* NotesDetailView.swift */ = {isa = PBXFileReference; lastKnownFileType = sourcecode.swift; path = NotesDetailView.swift; sourceTree = "<group>"; };
		48B918902BEAF3AF00238ECB /* NotesRouter.swift */ = {isa = PBXFileReference; lastKnownFileType = sourcecode.swift; path = NotesRouter.swift; sourceTree = "<group>"; };
		48B918922BEAF50000238ECB /* SceneDelegate.swift */ = {isa = PBXFileReference; lastKnownFileType = sourcecode.swift; path = SceneDelegate.swift; sourceTree = "<group>"; };
		48B918942BEAF62A00238ECB /* AppDelegate.swift */ = {isa = PBXFileReference; lastKnownFileType = sourcecode.swift; path = AppDelegate.swift; sourceTree = "<group>"; };
/* End PBXFileReference section */

/* Begin PBXFrameworksBuildPhase section */
		481184E52BE9C73000465C09 /* Frameworks */ = {
			isa = PBXFrameworksBuildPhase;
			buildActionMask = 2147483647;
			files = (
			);
			runOnlyForDeploymentPostprocessing = 0;
		};
/* End PBXFrameworksBuildPhase section */

/* Begin PBXGroup section */
		481184DF2BE9C73000465C09 = {
			isa = PBXGroup;
			children = (
				48B918942BEAF62A00238ECB /* AppDelegate.swift */,
				48B918922BEAF50000238ECB /* SceneDelegate.swift */,
				481184EA2BE9C73000465C09 /* ViperNotesSwiftUI */,
				481184E92BE9C73000465C09 /* Products */,
			);
			sourceTree = "<group>";
		};
		481184E92BE9C73000465C09 /* Products */ = {
			isa = PBXGroup;
			children = (
				481184E82BE9C73000465C09 /* ViperNotesSwiftUI.app */,
			);
			name = Products;
			sourceTree = "<group>";
		};
		481184EA2BE9C73000465C09 /* ViperNotesSwiftUI */ = {
			isa = PBXGroup;
			children = (
				486BF5582BEB0DE1008BDCAE /* Supporting Files */,
				486BF5572BEB0D77008BDCAE /* CoreData */,
				481185082BE9DB3E00465C09 /* Module */,
				481184F12BE9C73400465C09 /* Preview Content */,
			);
			path = ViperNotesSwiftUI;
			sourceTree = "<group>";
		};
		481184F12BE9C73400465C09 /* Preview Content */ = {
			isa = PBXGroup;
			children = (
				481184F22BE9C73400465C09 /* Preview Assets.xcassets */,
			);
			path = "Preview Content";
			sourceTree = "<group>";
		};
		481185082BE9DB3E00465C09 /* Module */ = {
			isa = PBXGroup;
			children = (
				486BF5562BEB0D1F008BDCAE /* Router */,
				486BF5552BEB0D16008BDCAE /* Entity */,
				486BF5542BEB0D10008BDCAE /* Presenter */,
				486BF5532BEB0D09008BDCAE /* Interactir */,
				486BF5522BEB0D05008BDCAE /* View */,
			);
			path = Module;
			sourceTree = "<group>";
		};
		486BF5522BEB0D05008BDCAE /* View */ = {
			isa = PBXGroup;
			children = (
				48B9188E2BEAF32A00238ECB /* NotesDetailView.swift */,
				48B9188C2BEAF03600238ECB /* NotesListView.swift */,
			);
			path = View;
			sourceTree = "<group>";
		};
		486BF5532BEB0D09008BDCAE /* Interactir */ = {
			isa = PBXGroup;
			children = (
				4811850B2BE9DB7A00465C09 /* NotesInteractor.swift */,
			);
			path = Interactir;
			sourceTree = "<group>";
		};
		486BF5542BEB0D10008BDCAE /* Presenter */ = {
			isa = PBXGroup;
			children = (
				48B9188A2BEAEE4300238ECB /* NotesPresenter.swift */,
			);
			path = Presenter;
			sourceTree = "<group>";
		};
		486BF5552BEB0D16008BDCAE /* Entity */ = {
			isa = PBXGroup;
			children = (
				481185062BE9DB1C00465C09 /* NoteViewModel.swift */,
				481185042BE9D8DE00465C09 /* DataLayer.swift */,
				481185022BE9D38700465C09 /* CoreDataStack.swift */,
			);
			path = Entity;
			sourceTree = "<group>";
		};
		486BF5562BEB0D1F008BDCAE /* Router */ = {
			isa = PBXGroup;
			children = (
				48B918902BEAF3AF00238ECB /* NotesRouter.swift */,
			);
			path = Router;
			sourceTree = "<group>";
		};
		486BF5572BEB0D77008BDCAE /* CoreData */ = {
			isa = PBXGroup;
			children = (
				481184F62BE9C73400465C09 /* ViperNotesSwiftUI.xcdatamodeld */,
				481184FE2BE9D35800465C09 /* Note+CoreDataClass.swift */,
				481184FF2BE9D35800465C09 /* Note+CoreDataProperties.swift */,
			);
			path = CoreData;
			sourceTree = "<group>";
		};
		486BF5582BEB0DE1008BDCAE /* Supporting Files */ = {
			isa = PBXGroup;
			children = (
				481184EF2BE9C73400465C09 /* Assets.xcassets */,
				486BF5512BEB0937008BDCAE /* Info.plist */,
			);
			path = "Supporting Files";
			sourceTree = "<group>";
		};
/* End PBXGroup section */

/* Begin PBXNativeTarget section */
		481184E72BE9C73000465C09 /* ViperNotesSwiftUI */ = {
			isa = PBXNativeTarget;
			buildConfigurationList = 481184FB2BE9C73400465C09 /* Build configuration list for PBXNativeTarget "ViperNotesSwiftUI" */;
			buildPhases = (
				481184E42BE9C73000465C09 /* Sources */,
				481184E52BE9C73000465C09 /* Frameworks */,
			);
			buildRules = (
			);
			dependencies = (
			);
			name = ViperNotesSwiftUI;
			productName = ViperNotesSwiftUI;
			productReference = 481184E82BE9C73000465C09 /* ViperNotesSwiftUI.app */;
			productType = "com.apple.product-type.application";
		};
/* End PBXNativeTarget section */

/* Begin PBXProject section */
		481184E02BE9C73000465C09 /* Project object */ = {
			isa = PBXProject;
			attributes = {
				BuildIndependentTargetsInParallel = 1;
				LastSwiftUpdateCheck = 1420;
				LastUpgradeCheck = 1420;
				TargetAttributes = {
					481184E72BE9C73000465C09 = {
						CreatedOnToolsVersion = 14.2;
					};
				};
			};
			buildConfigurationList = 481184E32BE9C73000465C09 /* Build configuration list for PBXProject "ViperNotesSwiftUI" */;
			compatibilityVersion = "Xcode 14.0";
			developmentRegion = en;
			hasScannedForEncodings = 0;
			knownRegions = (
				en,
				Base,
			);
			mainGroup = 481184DF2BE9C73000465C09;
			productRefGroup = 481184E92BE9C73000465C09 /* Products */;
			projectDirPath = "";
			projectRoot = "";
			targets = (
				481184E72BE9C73000465C09 /* ViperNotesSwiftUI */,
			);
		};
/* End PBXProject section */

/* Begin PBXSourcesBuildPhase section */
		481184E42BE9C73000465C09 /* Sources */ = {
			isa = PBXSourcesBuildPhase;
			buildActionMask = 2147483647;
			files = (
				481185032BE9D38700465C09 /* CoreDataStack.swift in Sources */,
				481185052BE9D8DE00465C09 /* DataLayer.swift in Sources */,
				48B918912BEAF3AF00238ECB /* NotesRouter.swift in Sources */,
				481185072BE9DB1C00465C09 /* NoteViewModel.swift in Sources */,
				481184F82BE9C73400465C09 /* ViperNotesSwiftUI.xcdatamodeld in Sources */,
				48B918932BEAF50000238ECB /* SceneDelegate.swift in Sources */,
				4811850C2BE9DB7A00465C09 /* NotesInteractor.swift in Sources */,
				48B9188B2BEAEE4300238ECB /* NotesPresenter.swift in Sources */,
				48B918952BEAF62A00238ECB /* AppDelegate.swift in Sources */,
				481185002BE9D35800465C09 /* Note+CoreDataClass.swift in Sources */,
				48B9188F2BEAF32A00238ECB /* NotesDetailView.swift in Sources */,
				48B9188D2BEAF03600238ECB /* NotesListView.swift in Sources */,
				481185012BE9D35800465C09 /* Note+CoreDataProperties.swift in Sources */,
			);
			runOnlyForDeploymentPostprocessing = 0;
		};
/* End PBXSourcesBuildPhase section */

/* Begin XCBuildConfiguration section */
		481184F92BE9C73400465C09 /* Debug */ = {
			isa = XCBuildConfiguration;
			buildSettings = {
				ALWAYS_SEARCH_USER_PATHS = NO;
				CLANG_ANALYZER_NONNULL = YES;
				CLANG_ANALYZER_NUMBER_OBJECT_CONVERSION = YES_AGGRESSIVE;
				CLANG_CXX_LANGUAGE_STANDARD = "gnu++20";
				CLANG_ENABLE_MODULES = YES;
				CLANG_ENABLE_OBJC_ARC = YES;
				CLANG_ENABLE_OBJC_WEAK = YES;
				CLANG_WARN_BLOCK_CAPTURE_AUTORELEASING = YES;
				CLANG_WARN_BOOL_CONVERSION = YES;
				CLANG_WARN_COMMA = YES;
				CLANG_WARN_CONSTANT_CONVERSION = YES;
				CLANG_WARN_DEPRECATED_OBJC_IMPLEMENTATIONS = YES;
				CLANG_WARN_DIRECT_OBJC_ISA_USAGE = YES_ERROR;
				CLANG_WARN_DOCUMENTATION_COMMENTS = YES;
				CLANG_WARN_EMPTY_BODY = YES;
				CLANG_WARN_ENUM_CONVERSION = YES;
				CLANG_WARN_INFINITE_RECURSION = YES;
				CLANG_WARN_INT_CONVERSION = YES;
				CLANG_WARN_NON_LITERAL_NULL_CONVERSION = YES;
				CLANG_WARN_OBJC_IMPLICIT_RETAIN_SELF = YES;
				CLANG_WARN_OBJC_LITERAL_CONVERSION = YES;
				CLANG_WARN_OBJC_ROOT_CLASS = YES_ERROR;
				CLANG_WARN_QUOTED_INCLUDE_IN_FRAMEWORK_HEADER = YES;
				CLANG_WARN_RANGE_LOOP_ANALYSIS = YES;
				CLANG_WARN_STRICT_PROTOTYPES = YES;
				CLANG_WARN_SUSPICIOUS_MOVE = YES;
				CLANG_WARN_UNGUARDED_AVAILABILITY = YES_AGGRESSIVE;
				CLANG_WARN_UNREACHABLE_CODE = YES;
				CLANG_WARN__DUPLICATE_METHOD_MATCH = YES;
				COPY_PHASE_STRIP = NO;
				DEBUG_INFORMATION_FORMAT = dwarf;
				ENABLE_STRICT_OBJC_MSGSEND = YES;
				ENABLE_TESTABILITY = YES;
				GCC_C_LANGUAGE_STANDARD = gnu11;
				GCC_DYNAMIC_NO_PIC = NO;
				GCC_NO_COMMON_BLOCKS = YES;
				GCC_OPTIMIZATION_LEVEL = 0;
				GCC_PREPROCESSOR_DEFINITIONS = (
					"DEBUG=1",
					"$(inherited)",
				);
				GCC_WARN_64_TO_32_BIT_CONVERSION = YES;
				GCC_WARN_ABOUT_RETURN_TYPE = YES_ERROR;
				GCC_WARN_UNDECLARED_SELECTOR = YES;
				GCC_WARN_UNINITIALIZED_AUTOS = YES_AGGRESSIVE;
				GCC_WARN_UNUSED_FUNCTION = YES;
				GCC_WARN_UNUSED_VARIABLE = YES;
				IPHONEOS_DEPLOYMENT_TARGET = 16.2;
				MTL_ENABLE_DEBUG_INFO = INCLUDE_SOURCE;
				MTL_FAST_MATH = YES;
				ONLY_ACTIVE_ARCH = YES;
				SDKROOT = iphoneos;
				SWIFT_ACTIVE_COMPILATION_CONDITIONS = DEBUG;
				SWIFT_OPTIMIZATION_LEVEL = "-Onone";
			};
			name = Debug;
		};
		481184FA2BE9C73400465C09 /* Release */ = {
			isa = XCBuildConfiguration;
			buildSettings = {
				ALWAYS_SEARCH_USER_PATHS = NO;
				CLANG_ANALYZER_NONNULL = YES;
				CLANG_ANALYZER_NUMBER_OBJECT_CONVERSION = YES_AGGRESSIVE;
				CLANG_CXX_LANGUAGE_STANDARD = "gnu++20";
				CLANG_ENABLE_MODULES = YES;
				CLANG_ENABLE_OBJC_ARC = YES;
				CLANG_ENABLE_OBJC_WEAK = YES;
				CLANG_WARN_BLOCK_CAPTURE_AUTORELEASING = YES;
				CLANG_WARN_BOOL_CONVERSION = YES;
				CLANG_WARN_COMMA = YES;
				CLANG_WARN_CONSTANT_CONVERSION = YES;
				CLANG_WARN_DEPRECATED_OBJC_IMPLEMENTATIONS = YES;
				CLANG_WARN_DIRECT_OBJC_ISA_USAGE = YES_ERROR;
				CLANG_WARN_DOCUMENTATION_COMMENTS = YES;
				CLANG_WARN_EMPTY_BODY = YES;
				CLANG_WARN_ENUM_CONVERSION = YES;
				CLANG_WARN_INFINITE_RECURSION = YES;
				CLANG_WARN_INT_CONVERSION = YES;
				CLANG_WARN_NON_LITERAL_NULL_CONVERSION = YES;
				CLANG_WARN_OBJC_IMPLICIT_RETAIN_SELF = YES;
				CLANG_WARN_OBJC_LITERAL_CONVERSION = YES;
				CLANG_WARN_OBJC_ROOT_CLASS = YES_ERROR;
				CLANG_WARN_QUOTED_INCLUDE_IN_FRAMEWORK_HEADER = YES;
				CLANG_WARN_RANGE_LOOP_ANALYSIS = YES;
				CLANG_WARN_STRICT_PROTOTYPES = YES;
				CLANG_WARN_SUSPICIOUS_MOVE = YES;
				CLANG_WARN_UNGUARDED_AVAILABILITY = YES_AGGRESSIVE;
				CLANG_WARN_UNREACHABLE_CODE = YES;
				CLANG_WARN__DUPLICATE_METHOD_MATCH = YES;
				COPY_PHASE_STRIP = NO;
				DEBUG_INFORMATION_FORMAT = "dwarf-with-dsym";
				ENABLE_NS_ASSERTIONS = NO;
				ENABLE_STRICT_OBJC_MSGSEND = YES;
				GCC_C_LANGUAGE_STANDARD = gnu11;
				GCC_NO_COMMON_BLOCKS = YES;
				GCC_WARN_64_TO_32_BIT_CONVERSION = YES;
				GCC_WARN_ABOUT_RETURN_TYPE = YES_ERROR;
				GCC_WARN_UNDECLARED_SELECTOR = YES;
				GCC_WARN_UNINITIALIZED_AUTOS = YES_AGGRESSIVE;
				GCC_WARN_UNUSED_FUNCTION = YES;
				GCC_WARN_UNUSED_VARIABLE = YES;
				IPHONEOS_DEPLOYMENT_TARGET = 16.2;
				MTL_ENABLE_DEBUG_INFO = NO;
				MTL_FAST_MATH = YES;
				SDKROOT = iphoneos;
				SWIFT_COMPILATION_MODE = wholemodule;
				SWIFT_OPTIMIZATION_LEVEL = "-O";
				VALIDATE_PRODUCT = YES;
			};
			name = Release;
		};
		481184FC2BE9C73400465C09 /* Debug */ = {
			isa = XCBuildConfiguration;
			buildSettings = {
				ASSETCATALOG_COMPILER_APPICON_NAME = AppIcon;
				ASSETCATALOG_COMPILER_GLOBAL_ACCENT_COLOR_NAME = AccentColor;
				CODE_SIGN_STYLE = Automatic;
				CURRENT_PROJECT_VERSION = 1;
				DEVELOPMENT_ASSET_PATHS = "\"ViperNotesSwiftUI/Preview Content\"";
				DEVELOPMENT_TEAM = 28UNC76MDZ;
				ENABLE_PREVIEWS = YES;
				GENERATE_INFOPLIST_FILE = YES;
				INFOPLIST_FILE = ViperNotesSwiftUI/Info.plist;
				INFOPLIST_KEY_UIApplicationSupportsIndirectInputEvents = YES;
				INFOPLIST_KEY_UILaunchScreen_Generation = YES;
				INFOPLIST_KEY_UIRequiredDeviceCapabilities = armv7;
				INFOPLIST_KEY_UISupportedInterfaceOrientations = "UIInterfaceOrientationPortrait UIInterfaceOrientationLandscapeLeft UIInterfaceOrientationLandscapeRight";
				INFOPLIST_KEY_UISupportedInterfaceOrientations_iPad = "UIInterfaceOrientationPortrait UIInterfaceOrientationPortraitUpsideDown UIInterfaceOrientationLandscapeLeft UIInterfaceOrientationLandscapeRight";
				INFOPLIST_KEY_UISupportedInterfaceOrientations_iPhone = "UIInterfaceOrientationPortrait UIInterfaceOrientationLandscapeLeft UIInterfaceOrientationLandscapeRight";
				LD_RUNPATH_SEARCH_PATHS = (
					"$(inherited)",
					"@executable_path/Frameworks",
				);
				MARKETING_VERSION = 1.0;
				PRODUCT_BUNDLE_IDENTIFIER = com.oscarmyerston.ViperNotesSwiftUI;
				PRODUCT_NAME = "$(TARGET_NAME)";
				SWIFT_EMIT_LOC_STRINGS = YES;
				SWIFT_VERSION = 5.0;
				TARGETED_DEVICE_FAMILY = "1,2";
			};
			name = Debug;
		};
		481184FD2BE9C73400465C09 /* Release */ = {
			isa = XCBuildConfiguration;
			buildSettings = {
				ASSETCATALOG_COMPILER_APPICON_NAME = AppIcon;
				ASSETCATALOG_COMPILER_GLOBAL_ACCENT_COLOR_NAME = AccentColor;
				CODE_SIGN_STYLE = Automatic;
				CURRENT_PROJECT_VERSION = 1;
				DEVELOPMENT_ASSET_PATHS = "\"ViperNotesSwiftUI/Preview Content\"";
				DEVELOPMENT_TEAM = 28UNC76MDZ;
				ENABLE_PREVIEWS = YES;
				GENERATE_INFOPLIST_FILE = YES;
				INFOPLIST_FILE = ViperNotesSwiftUI/Info.plist;
				INFOPLIST_KEY_UIApplicationSupportsIndirectInputEvents = YES;
				INFOPLIST_KEY_UILaunchScreen_Generation = YES;
				INFOPLIST_KEY_UIRequiredDeviceCapabilities = armv7;
				INFOPLIST_KEY_UISupportedInterfaceOrientations = "UIInterfaceOrientationPortrait UIInterfaceOrientationLandscapeLeft UIInterfaceOrientationLandscapeRight";
				INFOPLIST_KEY_UISupportedInterfaceOrientations_iPad = "UIInterfaceOrientationPortrait UIInterfaceOrientationPortraitUpsideDown UIInterfaceOrientationLandscapeLeft UIInterfaceOrientationLandscapeRight";
				INFOPLIST_KEY_UISupportedInterfaceOrientations_iPhone = "UIInterfaceOrientationPortrait UIInterfaceOrientationLandscapeLeft UIInterfaceOrientationLandscapeRight";
				LD_RUNPATH_SEARCH_PATHS = (
					"$(inherited)",
					"@executable_path/Frameworks",
				);
				MARKETING_VERSION = 1.0;
				PRODUCT_BUNDLE_IDENTIFIER = com.oscarmyerston.ViperNotesSwiftUI;
				PRODUCT_NAME = "$(TARGET_NAME)";
				SWIFT_EMIT_LOC_STRINGS = YES;
				SWIFT_VERSION = 5.0;
				TARGETED_DEVICE_FAMILY = "1,2";
			};
			name = Release;
		};
/* End XCBuildConfiguration section */

/* Begin XCConfigurationList section */
		481184E32BE9C73000465C09 /* Build configuration list for PBXProject "ViperNotesSwiftUI" */ = {
			isa = XCConfigurationList;
			buildConfigurations = (
				481184F92BE9C73400465C09 /* Debug */,
				481184FA2BE9C73400465C09 /* Release */,
			);
			defaultConfigurationIsVisible = 0;
			defaultConfigurationName = Release;
		};
		481184FB2BE9C73400465C09 /* Build configuration list for PBXNativeTarget "ViperNotesSwiftUI" */ = {
			isa = XCConfigurationList;
			buildConfigurations = (
				481184FC2BE9C73400465C09 /* Debug */,
				481184FD2BE9C73400465C09 /* Release */,
			);
			defaultConfigurationIsVisible = 0;
			defaultConfigurationName = Release;
		};
/* End XCConfigurationList section */

/* Begin XCVersionGroup section */
		481184F62BE9C73400465C09 /* ViperNotesSwiftUI.xcdatamodeld */ = {
			isa = XCVersionGroup;
			children = (
				481184F72BE9C73400465C09 /* ViperNotesSwiftUI.xcdatamodel */,
			);
			currentVersion = 481184F72BE9C73400465C09 /* ViperNotesSwiftUI.xcdatamodel */;
			path = ViperNotesSwiftUI.xcdatamodeld;
			sourceTree = "<group>";
			versionGroupType = wrapper.xcdatamodel;
		};
/* End XCVersionGroup section */
	};
	rootObject = 481184E02BE9C73000465C09 /* Project object */;
}
